
Microsoft Visual Studio Solution File, Format Version 12.00
# Visual Studio Version 16
VisualStudioVersion = 16.0.29519.87
MinimumVisualStudioVersion = 10.0.40219.1
Project("{F2A71F9B-5D33-465A-A702-920D77279786}") = "ConsoleApp", "ConsoleApp\ConsoleApp.fsproj", "{D5BC19DC-C5DF-4803-9B61-B3C62038C74D}"
EndProject
Global
	GlobalSection(SolutionConfigurationPlatforms) = preSolution
		Debug|Any CPU = Debug|Any CPU
		Release|Any CPU = Release|Any CPU
	EndGlobalSection
	GlobalSection(ProjectConfigurationPlatforms) = postSolution
		{D5BC19DC-C5DF-4803-9B61-B3C62038C74D}.Debug|Any CPU.ActiveCfg = Debug|Any CPU
		{D5BC19DC-C5DF-4803-9B61-B3C62038C74D}.Debug|Any CPU.Build.0 = Debug|Any CPU
		{D5BC19DC-C5DF-4803-9B61-B3C62038C74D}.Release|Any CPU.ActiveCfg = Release|Any CPU
		{D5BC19DC-C5DF-4803-9B61-B3C62038C74D}.Release|Any CPU.Build.0 = Release|Any CPU
	EndGlobalSection
	GlobalSection(SolutionProperties) = preSolution
		HideSolutionNode = FALSE
	EndGlobalSection
	GlobalSection(ExtensibilityGlobals) = postSolution
		SolutionGuid = {E0983C8D-B363-43DB-8792-9EB3F4D4C8C2}
	EndGlobalSection
EndGlobal
